
Microsoft Visual Studio Solution File, Format Version 12.00
# Visual Studio Version 17
VisualStudioVersion = 17.10.35004.147
MinimumVisualStudioVersion = 10.0.40219.1
Project("{FAE04EC0-301F-11D3-BF4B-00C04F79EFBC}") = "multitrabajos-notificacion", "multitrabajos-notificacion\multitrabajos-notificacion.csproj", "{59FB7159-6E7F-4B25-8446-B2E16672A068}"
EndProject
Global
	GlobalSection(SolutionConfigurationPlatforms) = preSolution
		Debug|Any CPU = Debug|Any CPU
		Release|Any CPU = Release|Any CPU
	EndGlobalSection
	GlobalSection(ProjectConfigurationPlatforms) = postSolution
		{59FB7159-6E7F-4B25-8446-B2E16672A068}.Debug|Any CPU.ActiveCfg = Debug|Any CPU
		{59FB7159-6E7F-4B25-8446-B2E16672A068}.Debug|Any CPU.Build.0 = Debug|Any CPU
		{59FB7159-6E7F-4B25-8446-B2E16672A068}.Release|Any CPU.ActiveCfg = Release|Any CPU
		{59FB7159-6E7F-4B25-8446-B2E16672A068}.Release|Any CPU.Build.0 = Release|Any CPU
	EndGlobalSection
	GlobalSection(SolutionProperties) = preSolution
		HideSolutionNode = FALSE
	EndGlobalSection
	GlobalSection(ExtensibilityGlobals) = postSolution
		SolutionGuid = {64091664-8B3B-48DC-A157-2405DC91F921}
	EndGlobalSection
EndGlobal
